{
  "object": {
    "pins": [
      {
        "package": "liquid-kit",
        "repositoryURL": "https://github.com/binarybirds/liquid-kit.git",
        "state": {
          "branch": null,
          "revision": "1a765f00acd7743878b871c9841507e85d37c567",
          "version": "1.2.0"
        }
      },
      {
        "package": "swift-log",
        "repositoryURL": "https://github.com/apple/swift-log.git",
        "state": {
          "branch": null,
          "revision": "5d66f7ba25daf4f94100e7022febf3c75e37a6c7",
          "version": "1.4.2"
        }
      },
      {
        "package": "swift-nio",
        "repositoryURL": "https://github.com/apple/swift-nio.git",
        "state": {
          "branch": null,
          "revision": "6d3ca7e54e06a69d0f2612c2ce8bb8b7319085a4",
          "version": "2.26.0"
        }
      }
    ]
  },
  "version": 1
}
